
Microsoft Visual Studio Solution File, Format Version 12.00
# Visual Studio Version 16
VisualStudioVersion = 16.0.30114.105
MinimumVisualStudioVersion = 10.0.40219.1
Project("{FAE04EC0-301F-11D3-BF4B-00C04F79EFBC}") = "API", "API\API.csproj", "{B938385C-736F-474A-B1E1-59BD92ED8F17}"
EndProject
Project("{FAE04EC0-301F-11D3-BF4B-00C04F79EFBC}") = "Core", "Core\Core.csproj", "{A03E808F-6DA5-4510-9CC5-FD38D3B80EA0}"
EndProject
Project("{FAE04EC0-301F-11D3-BF4B-00C04F79EFBC}") = "Infrastructure", "Infrastructure\Infrastructure.csproj", "{3AE7AF57-D674-4C6E-B405-784A4A2127D7}"
EndProject
Global
	GlobalSection(SolutionConfigurationPlatforms) = preSolution
		Debug|Any CPU = Debug|Any CPU
		Debug|x64 = Debug|x64
		Debug|x86 = Debug|x86
		Release|Any CPU = Release|Any CPU
		Release|x64 = Release|x64
		Release|x86 = Release|x86
	EndGlobalSection
	GlobalSection(SolutionProperties) = preSolution
		HideSolutionNode = FALSE
	EndGlobalSection
	GlobalSection(ProjectConfigurationPlatforms) = postSolution
		{B938385C-736F-474A-B1E1-59BD92ED8F17}.Debug|Any CPU.ActiveCfg = Debug|Any CPU
		{B938385C-736F-474A-B1E1-59BD92ED8F17}.Debug|Any CPU.Build.0 = Debug|Any CPU
		{B938385C-736F-474A-B1E1-59BD92ED8F17}.Debug|x64.ActiveCfg = Debug|Any CPU
		{B938385C-736F-474A-B1E1-59BD92ED8F17}.Debug|x64.Build.0 = Debug|Any CPU
		{B938385C-736F-474A-B1E1-59BD92ED8F17}.Debug|x86.ActiveCfg = Debug|Any CPU
		{B938385C-736F-474A-B1E1-59BD92ED8F17}.Debug|x86.Build.0 = Debug|Any CPU
		{B938385C-736F-474A-B1E1-59BD92ED8F17}.Release|Any CPU.ActiveCfg = Release|Any CPU
		{B938385C-736F-474A-B1E1-59BD92ED8F17}.Release|Any CPU.Build.0 = Release|Any CPU
		{B938385C-736F-474A-B1E1-59BD92ED8F17}.Release|x64.ActiveCfg = Release|Any CPU
		{B938385C-736F-474A-B1E1-59BD92ED8F17}.Release|x64.Build.0 = Release|Any CPU
		{B938385C-736F-474A-B1E1-59BD92ED8F17}.Release|x86.ActiveCfg = Release|Any CPU
		{B938385C-736F-474A-B1E1-59BD92ED8F17}.Release|x86.Build.0 = Release|Any CPU
		{A03E808F-6DA5-4510-9CC5-FD38D3B80EA0}.Debug|Any CPU.ActiveCfg = Debug|Any CPU
		{A03E808F-6DA5-4510-9CC5-FD38D3B80EA0}.Debug|Any CPU.Build.0 = Debug|Any CPU
		{A03E808F-6DA5-4510-9CC5-FD38D3B80EA0}.Debug|x64.ActiveCfg = Debug|Any CPU
		{A03E808F-6DA5-4510-9CC5-FD38D3B80EA0}.Debug|x64.Build.0 = Debug|Any CPU
		{A03E808F-6DA5-4510-9CC5-FD38D3B80EA0}.Debug|x86.ActiveCfg = Debug|Any CPU
		{A03E808F-6DA5-4510-9CC5-FD38D3B80EA0}.Debug|x86.Build.0 = Debug|Any CPU
		{A03E808F-6DA5-4510-9CC5-FD38D3B80EA0}.Release|Any CPU.ActiveCfg = Release|Any CPU
		{A03E808F-6DA5-4510-9CC5-FD38D3B80EA0}.Release|Any CPU.Build.0 = Release|Any CPU
		{A03E808F-6DA5-4510-9CC5-FD38D3B80EA0}.Release|x64.ActiveCfg = Release|Any CPU
		{A03E808F-6DA5-4510-9CC5-FD38D3B80EA0}.Release|x64.Build.0 = Release|Any CPU
		{A03E808F-6DA5-4510-9CC5-FD38D3B80EA0}.Release|x86.ActiveCfg = Release|Any CPU
		{A03E808F-6DA5-4510-9CC5-FD38D3B80EA0}.Release|x86.Build.0 = Release|Any CPU
		{3AE7AF57-D674-4C6E-B405-784A4A2127D7}.Debug|Any CPU.ActiveCfg = Debug|Any CPU
		{3AE7AF57-D674-4C6E-B405-784A4A2127D7}.Debug|Any CPU.Build.0 = Debug|Any CPU
		{3AE7AF57-D674-4C6E-B405-784A4A2127D7}.Debug|x64.ActiveCfg = Debug|Any CPU
		{3AE7AF57-D674-4C6E-B405-784A4A2127D7}.Debug|x64.Build.0 = Debug|Any CPU
		{3AE7AF57-D674-4C6E-B405-784A4A2127D7}.Debug|x86.ActiveCfg = Debug|Any CPU
		{3AE7AF57-D674-4C6E-B405-784A4A2127D7}.Debug|x86.Build.0 = Debug|Any CPU
		{3AE7AF57-D674-4C6E-B405-784A4A2127D7}.Release|Any CPU.ActiveCfg = Release|Any CPU
		{3AE7AF57-D674-4C6E-B405-784A4A2127D7}.Release|Any CPU.Build.0 = Release|Any CPU
		{3AE7AF57-D674-4C6E-B405-784A4A2127D7}.Release|x64.ActiveCfg = Release|Any CPU
		{3AE7AF57-D674-4C6E-B405-784A4A2127D7}.Release|x64.Build.0 = Release|Any CPU
		{3AE7AF57-D674-4C6E-B405-784A4A2127D7}.Release|x86.ActiveCfg = Release|Any CPU
		{3AE7AF57-D674-4C6E-B405-784A4A2127D7}.Release|x86.Build.0 = Release|Any CPU
	EndGlobalSection
EndGlobal
